
Microsoft Visual Studio Solution File, Format Version 12.00
# Visual Studio 15
VisualStudioVersion = 15.0.28010.2016
MinimumVisualStudioVersion = 10.0.40219.1
Project("{8BC9CEB8-8B4A-11D0-8D11-00A0C91BC942}") = "Multi-threading, Lab3", "Multi-threading, Lab3\Multi-threading, Lab3.vcxproj", "{3D04A3B6-3FCE-488D-84D4-7FC5F44029A0}"
EndProject
Global
	GlobalSection(SolutionConfigurationPlatforms) = preSolution
		Debug|x64 = Debug|x64
		Debug|x86 = Debug|x86
		Release|x64 = Release|x64
		Release|x86 = Release|x86
	EndGlobalSection
	GlobalSection(ProjectConfigurationPlatforms) = postSolution
		{3D04A3B6-3FCE-488D-84D4-7FC5F44029A0}.Debug|x64.ActiveCfg = Debug|x64
		{3D04A3B6-3FCE-488D-84D4-7FC5F44029A0}.Debug|x64.Build.0 = Debug|x64
		{3D04A3B6-3FCE-488D-84D4-7FC5F44029A0}.Debug|x86.ActiveCfg = Debug|Win32
		{3D04A3B6-3FCE-488D-84D4-7FC5F44029A0}.Debug|x86.Build.0 = Debug|Win32
		{3D04A3B6-3FCE-488D-84D4-7FC5F44029A0}.Release|x64.ActiveCfg = Release|x64
		{3D04A3B6-3FCE-488D-84D4-7FC5F44029A0}.Release|x64.Build.0 = Release|x64
		{3D04A3B6-3FCE-488D-84D4-7FC5F44029A0}.Release|x86.ActiveCfg = Release|Win32
		{3D04A3B6-3FCE-488D-84D4-7FC5F44029A0}.Release|x86.Build.0 = Release|Win32
	EndGlobalSection
	GlobalSection(SolutionProperties) = preSolution
		HideSolutionNode = FALSE
	EndGlobalSection
	GlobalSection(ExtensibilityGlobals) = postSolution
		SolutionGuid = {BA93F471-A999-4EF8-BB8E-77F5A5909AD1}
	EndGlobalSection
EndGlobal
