
Microsoft Visual Studio Solution File, Format Version 12.00
# Visual Studio 15
VisualStudioVersion = 15.0.28010.2016
MinimumVisualStudioVersion = 10.0.40219.1
Project("{8BC9CEB8-8B4A-11D0-8D11-00A0C91BC942}") = "Multi-threading, Lab2", "Multi-threading, Lab2\Multi-threading, Lab2.vcxproj", "{F9BE5706-3DA3-4997-8A99-AC406AF0E35B}"
EndProject
Global
	GlobalSection(SolutionConfigurationPlatforms) = preSolution
		Debug|x64 = Debug|x64
		Debug|x86 = Debug|x86
		Release|x64 = Release|x64
		Release|x86 = Release|x86
	EndGlobalSection
	GlobalSection(ProjectConfigurationPlatforms) = postSolution
		{F9BE5706-3DA3-4997-8A99-AC406AF0E35B}.Debug|x64.ActiveCfg = Debug|x64
		{F9BE5706-3DA3-4997-8A99-AC406AF0E35B}.Debug|x64.Build.0 = Debug|x64
		{F9BE5706-3DA3-4997-8A99-AC406AF0E35B}.Debug|x86.ActiveCfg = Debug|Win32
		{F9BE5706-3DA3-4997-8A99-AC406AF0E35B}.Debug|x86.Build.0 = Debug|Win32
		{F9BE5706-3DA3-4997-8A99-AC406AF0E35B}.Release|x64.ActiveCfg = Release|x64
		{F9BE5706-3DA3-4997-8A99-AC406AF0E35B}.Release|x64.Build.0 = Release|x64
		{F9BE5706-3DA3-4997-8A99-AC406AF0E35B}.Release|x86.ActiveCfg = Release|Win32
		{F9BE5706-3DA3-4997-8A99-AC406AF0E35B}.Release|x86.Build.0 = Release|Win32
	EndGlobalSection
	GlobalSection(SolutionProperties) = preSolution
		HideSolutionNode = FALSE
	EndGlobalSection
	GlobalSection(ExtensibilityGlobals) = postSolution
		SolutionGuid = {64A62820-D34F-4BBE-8E73-10EF8E82206A}
	EndGlobalSection
EndGlobal
